
Microsoft Visual Studio Solution File, Format Version 12.00
# Visual Studio Version 17
VisualStudioVersion = 17.0.31903.59
MinimumVisualStudioVersion = 10.0.40219.1
Project("{2150E333-8FDC-42A3-9474-1A3956D46DE8}") = "services", "services", "{92E90B3A-5566-40F4-B4FF-1E0A64E77D8F}"
EndProject
Project("{FAE04EC0-301F-11D3-BF4B-00C04F79EFBC}") = "ForgeService", "services\ForgeService\ForgeService.csproj", "{34D17E08-BE14-49DE-919C-9EF61106766C}"
EndProject
Project("{FAE04EC0-301F-11D3-BF4B-00C04F79EFBC}") = "ForgeServiceCommon", "services\ForgeServiceCommon\ForgeServiceCommon.csproj", "{95C51F58-4F06-4A03-807F-C35323020CA8}"
EndProject
Project("{FAE04EC0-301F-11D3-BF4B-00C04F79EFBC}") = "ForgeStorage", "services\ForgeStorage\ForgeStorage.csproj", "{A7610356-4189-4BD9-A9DE-93F233200762}"
EndProject
Global
	GlobalSection(SolutionConfigurationPlatforms) = preSolution
		Debug|Any CPU = Debug|Any CPU
		Release|Any CPU = Release|Any CPU
	EndGlobalSection
	GlobalSection(SolutionProperties) = preSolution
		HideSolutionNode = FALSE
	EndGlobalSection
	GlobalSection(ProjectConfigurationPlatforms) = postSolution
		{34D17E08-BE14-49DE-919C-9EF61106766C}.Debug|Any CPU.ActiveCfg = Debug|Any CPU
		{34D17E08-BE14-49DE-919C-9EF61106766C}.Debug|Any CPU.Build.0 = Debug|Any CPU
		{34D17E08-BE14-49DE-919C-9EF61106766C}.Release|Any CPU.ActiveCfg = Release|Any CPU
		{34D17E08-BE14-49DE-919C-9EF61106766C}.Release|Any CPU.Build.0 = Release|Any CPU
		{95C51F58-4F06-4A03-807F-C35323020CA8}.Debug|Any CPU.ActiveCfg = Debug|Any CPU
		{95C51F58-4F06-4A03-807F-C35323020CA8}.Debug|Any CPU.Build.0 = Debug|Any CPU
		{95C51F58-4F06-4A03-807F-C35323020CA8}.Release|Any CPU.ActiveCfg = Release|Any CPU
		{95C51F58-4F06-4A03-807F-C35323020CA8}.Release|Any CPU.Build.0 = Release|Any CPU
		{A7610356-4189-4BD9-A9DE-93F233200762}.Debug|Any CPU.ActiveCfg = Debug|Any CPU
		{A7610356-4189-4BD9-A9DE-93F233200762}.Debug|Any CPU.Build.0 = Debug|Any CPU
		{A7610356-4189-4BD9-A9DE-93F233200762}.Release|Any CPU.ActiveCfg = Release|Any CPU
		{A7610356-4189-4BD9-A9DE-93F233200762}.Release|Any CPU.Build.0 = Release|Any CPU
	EndGlobalSection
	GlobalSection(NestedProjects) = preSolution
		{34D17E08-BE14-49DE-919C-9EF61106766C} = {92E90B3A-5566-40F4-B4FF-1E0A64E77D8F}
		{95C51F58-4F06-4A03-807F-C35323020CA8} = {92E90B3A-5566-40F4-B4FF-1E0A64E77D8F}
		{A7610356-4189-4BD9-A9DE-93F233200762} = {92E90B3A-5566-40F4-B4FF-1E0A64E77D8F}
	EndGlobalSection
EndGlobal
